
Microsoft Visual Studio Solution File, Format Version 12.00
# Visual Studio Version 16
VisualStudioVersion = 16.0.32929.386
MinimumVisualStudioVersion = 10.0.40219.1
Project("{FAE04EC0-301F-11D3-BF4B-00C04F79EFBC}") = "Login-MySQL", "Login-MySQL\Login-MySQL.csproj", "{0BDA1045-3D69-4617-990D-FD651AC0A0C3}"
EndProject
Global
	GlobalSection(SolutionConfigurationPlatforms) = preSolution
		Debug|Any CPU = Debug|Any CPU
		Release|Any CPU = Release|Any CPU
	EndGlobalSection
	GlobalSection(ProjectConfigurationPlatforms) = postSolution
		{0BDA1045-3D69-4617-990D-FD651AC0A0C3}.Debug|Any CPU.ActiveCfg = Debug|Any CPU
		{0BDA1045-3D69-4617-990D-FD651AC0A0C3}.Debug|Any CPU.Build.0 = Debug|Any CPU
		{0BDA1045-3D69-4617-990D-FD651AC0A0C3}.Release|Any CPU.ActiveCfg = Release|Any CPU
		{0BDA1045-3D69-4617-990D-FD651AC0A0C3}.Release|Any CPU.Build.0 = Release|Any CPU
	EndGlobalSection
	GlobalSection(SolutionProperties) = preSolution
		HideSolutionNode = FALSE
	EndGlobalSection
	GlobalSection(ExtensibilityGlobals) = postSolution
		SolutionGuid = {D6F8DF8E-7223-4C84-955F-5DD500CD4F64}
	EndGlobalSection
EndGlobal
